// !$*UTF8*$!
{
	archiveVersion = 1;
	classes = {
	};
	objectVersion = 77;
	objects = {

/* Begin PBXBuildFile section */
		7C3100052F33000000A30001 /* projectflowAmbientExtension.appex in Embed App Extensions */ = {isa = PBXBuildFile; fileRef = 7C3100032F33000000A30001 /* projectflowAmbientExtension.appex */; settings = {ATTRIBUTES = (RemoveHeadersOnCopy, ); }; };
		7C3100062F33000000A30001 /* projectflowShareExtension.appex in Embed App Extensions */ = {isa = PBXBuildFile; fileRef = 7C3100042F33000000A30001 /* projectflowShareExtension.appex */; settings = {ATTRIBUTES = (RemoveHeadersOnCopy, ); }; };
		551EA05B2F16CC3800A7B376 /* FirebaseAI in Frameworks */ = {isa = PBXBuildFile; productRef = 551EA05A2F16CC3800A7B376 /* FirebaseAI */; };
		551EA05D2F16CC3800A7B376 /* FirebaseAuth in Frameworks */ = {isa = PBXBuildFile; productRef = 551EA05C2F16CC3800A7B376 /* FirebaseAuth */; };
		551EA05F2F16CC3800A7B376 /* FirebaseCore in Frameworks */ = {isa = PBXBuildFile; productRef = 551EA05E2F16CC3800A7B376 /* FirebaseCore */; };
		551EA0612F16CC3800A7B376 /* FirebaseFirestore in Frameworks */ = {isa = PBXBuildFile; productRef = 551EA0602F16CC3800A7B376 /* FirebaseFirestore */; };
		551EA0632F16CC3800A7B376 /* FirebaseFunctions in Frameworks */ = {isa = PBXBuildFile; productRef = 551EA0622F16CC3800A7B376 /* FirebaseFunctions */; };
		551EA0652F16CC3800A7B376 /* FirebaseMessaging in Frameworks */ = {isa = PBXBuildFile; productRef = 551EA0642F16CC3800A7B376 /* FirebaseMessaging */; };
		551EA0672F16CC3800A7B376 /* FirebaseStorage in Frameworks */ = {isa = PBXBuildFile; productRef = 551EA0662F16CC3800A7B376 /* FirebaseStorage */; };
/* End PBXBuildFile section */

/* Begin PBXContainerItemProxy section */
		7C31000A2F33000000A30001 /* PBXContainerItemProxy */ = {
			isa = PBXContainerItemProxy;
			containerPortal = 551EA0352F16C65E00A7B376 /* Project object */;
			proxyType = 1;
			remoteGlobalIDString = 7C31000C2F33000000A30001;
			remoteInfo = projectflowAmbientExtension;
		};
		7C31000B2F33000000A30001 /* PBXContainerItemProxy */ = {
			isa = PBXContainerItemProxy;
			containerPortal = 551EA0352F16C65E00A7B376 /* Project object */;
			proxyType = 1;
			remoteGlobalIDString = 7C31000D2F33000000A30001;
			remoteInfo = projectflowShareExtension;
		};
/* End PBXContainerItemProxy section */

/* Begin PBXCopyFilesBuildPhase section */
		7C3100072F33000000A30001 /* Embed App Extensions */ = {
			isa = PBXCopyFilesBuildPhase;
			buildActionMask = 2147483647;
			dstPath = "";
			dstSubfolderSpec = 13;
			files = (
				7C3100052F33000000A30001 /* projectflowAmbientExtension.appex in Embed App Extensions */,
				7C3100062F33000000A30001 /* projectflowShareExtension.appex in Embed App Extensions */,
			);
			name = "Embed App Extensions";
			runOnlyForDeploymentPostprocessing = 0;
		};
/* End PBXCopyFilesBuildPhase section */

/* Begin PBXFileReference section */
		551EA03D2F16C65E00A7B376 /* projectflow.app */ = {isa = PBXFileReference; explicitFileType = wrapper.application; includeInIndex = 0; path = projectflow.app; sourceTree = BUILT_PRODUCTS_DIR; };
		7C3100032F33000000A30001 /* projectflowAmbientExtension.appex */ = {isa = PBXFileReference; explicitFileType = "wrapper.app-extension"; includeInIndex = 0; path = projectflowAmbientExtension.appex; sourceTree = BUILT_PRODUCTS_DIR; };
		7C3100042F33000000A30001 /* projectflowShareExtension.appex */ = {isa = PBXFileReference; explicitFileType = "wrapper.app-extension"; includeInIndex = 0; path = projectflowShareExtension.appex; sourceTree = BUILT_PRODUCTS_DIR; };
/* End PBXFileReference section */

/* Begin PBXFileSystemSynchronizedBuildFileExceptionSet section */
		7C31001A2F33000000A30001 /* Exceptions for "projectflowAmbientExtension" folder in "projectflowAmbientExtension" target */ = {
			isa = PBXFileSystemSynchronizedBuildFileExceptionSet;
			membershipExceptions = (
				Info.plist,
			);
			target = 7C31000C2F33000000A30001 /* projectflowAmbientExtension */;
		};
		7C31001B2F33000000A30001 /* Exceptions for "projectflowShareExtension" folder in "projectflowShareExtension" target */ = {
			isa = PBXFileSystemSynchronizedBuildFileExceptionSet;
			membershipExceptions = (
				Info.plist,
			);
			target = 7C31000D2F33000000A30001 /* projectflowShareExtension */;
		};
/* End PBXFileSystemSynchronizedBuildFileExceptionSet section */

/* Begin PBXFileSystemSynchronizedRootGroup section */
		551EA03F2F16C65E00A7B376 /* projectflow */ = {
			isa = PBXFileSystemSynchronizedRootGroup;
			path = projectflow;
			sourceTree = "<group>";
		};
		7C3100002F33000000A30001 /* projectflowAmbientShared */ = {
			isa = PBXFileSystemSynchronizedRootGroup;
			path = projectflowAmbientShared;
			sourceTree = "<group>";
		};
		7C3100012F33000000A30001 /* projectflowAmbientExtension */ = {
			isa = PBXFileSystemSynchronizedRootGroup;
			exceptions = (
				7C31001A2F33000000A30001 /* Exceptions for "projectflowAmbientExtension" folder in "projectflowAmbientExtension" target */,
			);
			path = projectflowAmbientExtension;
			sourceTree = "<group>";
		};
		7C3100022F33000000A30001 /* projectflowShareExtension */ = {
			isa = PBXFileSystemSynchronizedRootGroup;
			exceptions = (
				7C31001B2F33000000A30001 /* Exceptions for "projectflowShareExtension" folder in "projectflowShareExtension" target */,
			);
			path = projectflowShareExtension;
			sourceTree = "<group>";
		};
/* End PBXFileSystemSynchronizedRootGroup section */

/* Begin PBXFrameworksBuildPhase section */
		551EA03A2F16C65E00A7B376 /* Frameworks */ = {
			isa = PBXFrameworksBuildPhase;
			buildActionMask = 2147483647;
			files = (
				551EA0652F16CC3800A7B376 /* FirebaseMessaging in Frameworks */,
				551EA05B2F16CC3800A7B376 /* FirebaseAI in Frameworks */,
				551EA0612F16CC3800A7B376 /* FirebaseFirestore in Frameworks */,
				551EA0632F16CC3800A7B376 /* FirebaseFunctions in Frameworks */,
				551EA0672F16CC3800A7B376 /* FirebaseStorage in Frameworks */,
				551EA05F2F16CC3800A7B376 /* FirebaseCore in Frameworks */,
				551EA05D2F16CC3800A7B376 /* FirebaseAuth in Frameworks */,
			);
			runOnlyForDeploymentPostprocessing = 0;
		};
		7C31000F2F33000000A30001 /* Frameworks */ = {
			isa = PBXFrameworksBuildPhase;
			buildActionMask = 2147483647;
			files = (
			);
			runOnlyForDeploymentPostprocessing = 0;
		};
		7C3100122F33000000A30001 /* Frameworks */ = {
			isa = PBXFrameworksBuildPhase;
			buildActionMask = 2147483647;
			files = (
			);
			runOnlyForDeploymentPostprocessing = 0;
		};
/* End PBXFrameworksBuildPhase section */

/* Begin PBXGroup section */
		551EA0342F16C65E00A7B376 = {
			isa = PBXGroup;
			children = (
				551EA03F2F16C65E00A7B376 /* projectflow */,
				7C3100002F33000000A30001 /* projectflowAmbientShared */,
				7C3100012F33000000A30001 /* projectflowAmbientExtension */,
				7C3100022F33000000A30001 /* projectflowShareExtension */,
				551EA03E2F16C65E00A7B376 /* Products */,
			);
			sourceTree = "<group>";
		};
		551EA03E2F16C65E00A7B376 /* Products */ = {
			isa = PBXGroup;
			children = (
				551EA03D2F16C65E00A7B376 /* projectflow.app */,
				7C3100032F33000000A30001 /* projectflowAmbientExtension.appex */,
				7C3100042F33000000A30001 /* projectflowShareExtension.appex */,
			);
			name = Products;
			sourceTree = "<group>";
		};
/* End PBXGroup section */

/* Begin PBXNativeTarget section */
		551EA03C2F16C65E00A7B376 /* projectflow */ = {
			isa = PBXNativeTarget;
			buildConfigurationList = 551EA0482F16C66000A7B376 /* Build configuration list for PBXNativeTarget "projectflow" */;
			buildPhases = (
				551EA0392F16C65E00A7B376 /* Sources */,
				551EA03A2F16C65E00A7B376 /* Frameworks */,
				551EA03B2F16C65E00A7B376 /* Resources */,
				7C3100072F33000000A30001 /* Embed App Extensions */,
			);
			buildRules = (
			);
			dependencies = (
				7C3100082F33000000A30001 /* PBXTargetDependency */,
				7C3100092F33000000A30001 /* PBXTargetDependency */,
			);
			fileSystemSynchronizedGroups = (
				551EA03F2F16C65E00A7B376 /* projectflow */,
				7C3100002F33000000A30001 /* projectflowAmbientShared */,
			);
			name = projectflow;
			packageProductDependencies = (
				551EA05A2F16CC3800A7B376 /* FirebaseAI */,
				551EA05C2F16CC3800A7B376 /* FirebaseAuth */,
				551EA05E2F16CC3800A7B376 /* FirebaseCore */,
				551EA0602F16CC3800A7B376 /* FirebaseFirestore */,
				551EA0622F16CC3800A7B376 /* FirebaseFunctions */,
				551EA0642F16CC3800A7B376 /* FirebaseMessaging */,
				551EA0662F16CC3800A7B376 /* FirebaseStorage */,
			);
			productName = projectflow;
			productReference = 551EA03D2F16C65E00A7B376 /* projectflow.app */;
			productType = "com.apple.product-type.application";
		};
		7C31000C2F33000000A30001 /* projectflowAmbientExtension */ = {
			isa = PBXNativeTarget;
			buildConfigurationList = 7C3100142F33000000A30001 /* Build configuration list for PBXNativeTarget "projectflowAmbientExtension" */;
			buildPhases = (
				7C31000E2F33000000A30001 /* Sources */,
				7C31000F2F33000000A30001 /* Frameworks */,
				7C3100102F33000000A30001 /* Resources */,
			);
			buildRules = (
			);
			dependencies = (
			);
			fileSystemSynchronizedGroups = (
				7C3100002F33000000A30001 /* projectflowAmbientShared */,
				7C3100012F33000000A30001 /* projectflowAmbientExtension */,
			);
			name = projectflowAmbientExtension;
			packageProductDependencies = (
			);
			productName = projectflowAmbientExtension;
			productReference = 7C3100032F33000000A30001 /* projectflowAmbientExtension.appex */;
			productType = "com.apple.product-type.app-extension";
		};
		7C31000D2F33000000A30001 /* projectflowShareExtension */ = {
			isa = PBXNativeTarget;
			buildConfigurationList = 7C3100152F33000000A30001 /* Build configuration list for PBXNativeTarget "projectflowShareExtension" */;
			buildPhases = (
				7C3100112F33000000A30001 /* Sources */,
				7C3100122F33000000A30001 /* Frameworks */,
				7C3100132F33000000A30001 /* Resources */,
			);
			buildRules = (
			);
			dependencies = (
			);
			fileSystemSynchronizedGroups = (
				7C3100002F33000000A30001 /* projectflowAmbientShared */,
				7C3100022F33000000A30001 /* projectflowShareExtension */,
			);
			name = projectflowShareExtension;
			packageProductDependencies = (
			);
			productName = projectflowShareExtension;
			productReference = 7C3100042F33000000A30001 /* projectflowShareExtension.appex */;
			productType = "com.apple.product-type.app-extension";
		};
/* End PBXNativeTarget section */

/* Begin PBXProject section */
		551EA0352F16C65E00A7B376 /* Project object */ = {
			isa = PBXProject;
			attributes = {
				BuildIndependentTargetsInParallel = 1;
				LastSwiftUpdateCheck = 2610;
				LastUpgradeCheck = 2610;
				TargetAttributes = {
					551EA03C2F16C65E00A7B376 = {
						CreatedOnToolsVersion = 26.1.1;
					};
					7C31000C2F33000000A30001 = {
						CreatedOnToolsVersion = 26.1.1;
					};
					7C31000D2F33000000A30001 = {
						CreatedOnToolsVersion = 26.1.1;
					};
				};
			};
			buildConfigurationList = 551EA0382F16C65E00A7B376 /* Build configuration list for PBXProject "projectflow" */;
			developmentRegion = en;
			hasScannedForEncodings = 0;
			knownRegions = (
				en,
				Base,
			);
			mainGroup = 551EA0342F16C65E00A7B376;
			minimizedProjectReferenceProxies = 1;
			packageReferences = (
				551EA0592F16CC3800A7B376 /* XCRemoteSwiftPackageReference "firebase-ios-sdk" */,
			);
			preferredProjectObjectVersion = 77;
			productRefGroup = 551EA03E2F16C65E00A7B376 /* Products */;
			projectDirPath = "";
			projectRoot = "";
			targets = (
				551EA03C2F16C65E00A7B376 /* projectflow */,
				7C31000C2F33000000A30001 /* projectflowAmbientExtension */,
				7C31000D2F33000000A30001 /* projectflowShareExtension */,
			);
		};
/* End PBXProject section */

/* Begin PBXResourcesBuildPhase section */
		551EA03B2F16C65E00A7B376 /* Resources */ = {
			isa = PBXResourcesBuildPhase;
			buildActionMask = 2147483647;
			files = (
			);
			runOnlyForDeploymentPostprocessing = 0;
		};
		7C3100102F33000000A30001 /* Resources */ = {
			isa = PBXResourcesBuildPhase;
			buildActionMask = 2147483647;
			files = (
			);
			runOnlyForDeploymentPostprocessing = 0;
		};
		7C3100132F33000000A30001 /* Resources */ = {
			isa = PBXResourcesBuildPhase;
			buildActionMask = 2147483647;
			files = (
			);
			runOnlyForDeploymentPostprocessing = 0;
		};
/* End PBXResourcesBuildPhase section */

/* Begin PBXSourcesBuildPhase section */
		551EA0392F16C65E00A7B376 /* Sources */ = {
			isa = PBXSourcesBuildPhase;
			buildActionMask = 2147483647;
			files = (
			);
			runOnlyForDeploymentPostprocessing = 0;
		};
		7C31000E2F33000000A30001 /* Sources */ = {
			isa = PBXSourcesBuildPhase;
			buildActionMask = 2147483647;
			files = (
			);
			runOnlyForDeploymentPostprocessing = 0;
		};
		7C3100112F33000000A30001 /* Sources */ = {
			isa = PBXSourcesBuildPhase;
			buildActionMask = 2147483647;
			files = (
			);
			runOnlyForDeploymentPostprocessing = 0;
		};
/* End PBXSourcesBuildPhase section */

/* Begin PBXTargetDependency section */
		7C3100082F33000000A30001 /* PBXTargetDependency */ = {
			isa = PBXTargetDependency;
			target = 7C31000C2F33000000A30001 /* projectflowAmbientExtension */;
			targetProxy = 7C31000A2F33000000A30001 /* PBXContainerItemProxy */;
		};
		7C3100092F33000000A30001 /* PBXTargetDependency */ = {
			isa = PBXTargetDependency;
			target = 7C31000D2F33000000A30001 /* projectflowShareExtension */;
			targetProxy = 7C31000B2F33000000A30001 /* PBXContainerItemProxy */;
		};
/* End PBXTargetDependency section */

/* Begin XCBuildConfiguration section */
		551EA0462F16C66000A7B376 /* Debug */ = {
			isa = XCBuildConfiguration;
			buildSettings = {
				ALWAYS_SEARCH_USER_PATHS = NO;
				ASSETCATALOG_COMPILER_GENERATE_SWIFT_ASSET_SYMBOL_EXTENSIONS = YES;
				CLANG_ANALYZER_NONNULL = YES;
				CLANG_ANALYZER_NUMBER_OBJECT_CONVERSION = YES_AGGRESSIVE;
				CLANG_CXX_LANGUAGE_STANDARD = "gnu++20";
				CLANG_ENABLE_MODULES = YES;
				CLANG_ENABLE_OBJC_ARC = YES;
				CLANG_ENABLE_OBJC_WEAK = YES;
				CLANG_WARN_BLOCK_CAPTURE_AUTORELEASING = YES;
				CLANG_WARN_BOOL_CONVERSION = YES;
				CLANG_WARN_COMMA = YES;
				CLANG_WARN_CONSTANT_CONVERSION = YES;
				CLANG_WARN_DEPRECATED_OBJC_IMPLEMENTATIONS = YES;
				CLANG_WARN_DIRECT_OBJC_ISA_USAGE = YES_ERROR;
				CLANG_WARN_DOCUMENTATION_COMMENTS = YES;
				CLANG_WARN_EMPTY_BODY = YES;
				CLANG_WARN_ENUM_CONVERSION = YES;
				CLANG_WARN_INFINITE_RECURSION = YES;
				CLANG_WARN_INT_CONVERSION = YES;
				CLANG_WARN_NON_LITERAL_NULL_CONVERSION = YES;
				CLANG_WARN_OBJC_IMPLICIT_RETAIN_SELF = YES;
				CLANG_WARN_OBJC_LITERAL_CONVERSION = YES;
				CLANG_WARN_OBJC_ROOT_CLASS = YES_ERROR;
				CLANG_WARN_QUOTED_INCLUDE_IN_FRAMEWORK_HEADER = YES;
				CLANG_WARN_RANGE_LOOP_ANALYSIS = YES;
				CLANG_WARN_STRICT_PROTOTYPES = YES;
				CLANG_WARN_SUSPICIOUS_MOVE = YES;
				CLANG_WARN_UNGUARDED_AVAILABILITY = YES_AGGRESSIVE;
				CLANG_WARN_UNREACHABLE_CODE = YES;
				CLANG_WARN__DUPLICATE_METHOD_MATCH = YES;
				COPY_PHASE_STRIP = NO;
				DEBUG_INFORMATION_FORMAT = dwarf;
				DEVELOPMENT_TEAM = 48BM67TY9G;
				ENABLE_STRICT_OBJC_MSGSEND = YES;
				ENABLE_TESTABILITY = YES;
				ENABLE_USER_SCRIPT_SANDBOXING = YES;
				GCC_C_LANGUAGE_STANDARD = gnu17;
				GCC_DYNAMIC_NO_PIC = NO;
				GCC_NO_COMMON_BLOCKS = YES;
				GCC_OPTIMIZATION_LEVEL = 0;
				GCC_PREPROCESSOR_DEFINITIONS = (
					"DEBUG=1",
					"$(inherited)",
				);
				GCC_WARN_64_TO_32_BIT_CONVERSION = YES;
				GCC_WARN_ABOUT_RETURN_TYPE = YES_ERROR;
				GCC_WARN_UNDECLARED_SELECTOR = YES;
				GCC_WARN_UNINITIALIZED_AUTOS = YES_AGGRESSIVE;
				GCC_WARN_UNUSED_FUNCTION = YES;
				GCC_WARN_UNUSED_VARIABLE = YES;
				LOCALIZATION_PREFERS_STRING_CATALOGS = YES;
				MTL_ENABLE_DEBUG_INFO = INCLUDE_SOURCE;
				MTL_FAST_MATH = YES;
				ONLY_ACTIVE_ARCH = YES;
				SWIFT_ACTIVE_COMPILATION_CONDITIONS = "DEBUG $(inherited)";
				SWIFT_OPTIMIZATION_LEVEL = "-Onone";
			};
			name = Debug;
		};
		551EA0472F16C66000A7B376 /* Release */ = {
			isa = XCBuildConfiguration;
			buildSettings = {
				ALWAYS_SEARCH_USER_PATHS = NO;
				ASSETCATALOG_COMPILER_GENERATE_SWIFT_ASSET_SYMBOL_EXTENSIONS = YES;
				CLANG_ANALYZER_NONNULL = YES;
				CLANG_ANALYZER_NUMBER_OBJECT_CONVERSION = YES_AGGRESSIVE;
				CLANG_CXX_LANGUAGE_STANDARD = "gnu++20";
				CLANG_ENABLE_MODULES = YES;
				CLANG_ENABLE_OBJC_ARC = YES;
				CLANG_ENABLE_OBJC_WEAK = YES;
				CLANG_WARN_BLOCK_CAPTURE_AUTORELEASING = YES;
				CLANG_WARN_BOOL_CONVERSION = YES;
				CLANG_WARN_COMMA = YES;
				CLANG_WARN_CONSTANT_CONVERSION = YES;
				CLANG_WARN_DEPRECATED_OBJC_IMPLEMENTATIONS = YES;
				CLANG_WARN_DIRECT_OBJC_ISA_USAGE = YES_ERROR;
				CLANG_WARN_DOCUMENTATION_COMMENTS = YES;
				CLANG_WARN_EMPTY_BODY = YES;
				CLANG_WARN_ENUM_CONVERSION = YES;
				CLANG_WARN_INFINITE_RECURSION = YES;
				CLANG_WARN_INT_CONVERSION = YES;
				CLANG_WARN_NON_LITERAL_NULL_CONVERSION = YES;
				CLANG_WARN_OBJC_IMPLICIT_RETAIN_SELF = YES;
				CLANG_WARN_OBJC_LITERAL_CONVERSION = YES;
				CLANG_WARN_OBJC_ROOT_CLASS = YES_ERROR;
				CLANG_WARN_QUOTED_INCLUDE_IN_FRAMEWORK_HEADER = YES;
				CLANG_WARN_RANGE_LOOP_ANALYSIS = YES;
				CLANG_WARN_STRICT_PROTOTYPES = YES;
				CLANG_WARN_SUSPICIOUS_MOVE = YES;
				CLANG_WARN_UNGUARDED_AVAILABILITY = YES_AGGRESSIVE;
				CLANG_WARN_UNREACHABLE_CODE = YES;
				CLANG_WARN__DUPLICATE_METHOD_MATCH = YES;
				COPY_PHASE_STRIP = NO;
				DEBUG_INFORMATION_FORMAT = "dwarf-with-dsym";
				DEVELOPMENT_TEAM = 48BM67TY9G;
				ENABLE_NS_ASSERTIONS = NO;
				ENABLE_STRICT_OBJC_MSGSEND = YES;
				ENABLE_USER_SCRIPT_SANDBOXING = YES;
				GCC_C_LANGUAGE_STANDARD = gnu17;
				GCC_NO_COMMON_BLOCKS = YES;
				GCC_WARN_64_TO_32_BIT_CONVERSION = YES;
				GCC_WARN_ABOUT_RETURN_TYPE = YES_ERROR;
				GCC_WARN_UNDECLARED_SELECTOR = YES;
				GCC_WARN_UNINITIALIZED_AUTOS = YES_AGGRESSIVE;
				GCC_WARN_UNUSED_FUNCTION = YES;
				GCC_WARN_UNUSED_VARIABLE = YES;
				LOCALIZATION_PREFERS_STRING_CATALOGS = YES;
				MTL_ENABLE_DEBUG_INFO = NO;
				MTL_FAST_MATH = YES;
				SWIFT_COMPILATION_MODE = wholemodule;
			};
			name = Release;
		};
		551EA0492F16C66000A7B376 /* Debug */ = {
			isa = XCBuildConfiguration;
			buildSettings = {
				ASSETCATALOG_COMPILER_APPICON_NAME = AppIcon;
				ASSETCATALOG_COMPILER_GLOBAL_ACCENT_COLOR_NAME = AccentColor;
				CODE_SIGN_ENTITLEMENTS = projectflow/projectflow.entitlements;
				CODE_SIGN_STYLE = Automatic;
				CURRENT_PROJECT_VERSION = 1;
				DEVELOPMENT_TEAM = 48BM67TY9G;
				ENABLE_APP_SANDBOX = YES;
				ENABLE_HARDENED_RUNTIME = YES;
				ENABLE_PREVIEWS = YES;
				ENABLE_USER_SELECTED_FILES = readonly;
				GENERATE_INFOPLIST_FILE = YES;
				INFOPLIST_KEY_LSApplicationCategoryType = "public.app-category.productivity";
				"INFOPLIST_KEY_UIApplicationSceneManifest_Generation[sdk=iphoneos*]" = YES;
				"INFOPLIST_KEY_UIApplicationSceneManifest_Generation[sdk=iphonesimulator*]" = YES;
				"INFOPLIST_KEY_UIApplicationSupportsIndirectInputEvents[sdk=iphoneos*]" = YES;
				"INFOPLIST_KEY_UIApplicationSupportsIndirectInputEvents[sdk=iphonesimulator*]" = YES;
				"INFOPLIST_KEY_UILaunchScreen_Generation[sdk=iphoneos*]" = YES;
				"INFOPLIST_KEY_UILaunchScreen_Generation[sdk=iphonesimulator*]" = YES;
				"INFOPLIST_KEY_UIStatusBarStyle[sdk=iphoneos*]" = UIStatusBarStyleDefault;
				"INFOPLIST_KEY_UIStatusBarStyle[sdk=iphonesimulator*]" = UIStatusBarStyleDefault;
				INFOPLIST_KEY_UISupportedInterfaceOrientations_iPad = "UIInterfaceOrientationPortrait UIInterfaceOrientationPortraitUpsideDown UIInterfaceOrientationLandscapeLeft UIInterfaceOrientationLandscapeRight";
				INFOPLIST_KEY_UISupportedInterfaceOrientations_iPhone = "UIInterfaceOrientationPortrait UIInterfaceOrientationLandscapeLeft UIInterfaceOrientationLandscapeRight";
				IPHONEOS_DEPLOYMENT_TARGET = 18.6;
				LD_RUNPATH_SEARCH_PATHS = "@executable_path/Frameworks";
				"LD_RUNPATH_SEARCH_PATHS[sdk=macosx*]" = "@executable_path/../Frameworks";
				MACOSX_DEPLOYMENT_TARGET = 15.6;
				MARKETING_VERSION = 1.0;
				PRODUCT_BUNDLE_IDENTIFIER = de.christophlabestin.projectflow;
				PRODUCT_NAME = "$(TARGET_NAME)";
				REGISTER_APP_GROUPS = YES;
				SDKROOT = auto;
				STRING_CATALOG_GENERATE_SYMBOLS = YES;
				SUPPORTED_PLATFORMS = "iphoneos iphonesimulator macosx";
				SUPPORTS_MACCATALYST = NO;
				SWIFT_APPROACHABLE_CONCURRENCY = YES;
				SWIFT_DEFAULT_ACTOR_ISOLATION = MainActor;
				SWIFT_EMIT_LOC_STRINGS = YES;
				SWIFT_UPCOMING_FEATURE_MEMBER_IMPORT_VISIBILITY = YES;
				SWIFT_VERSION = 5.0;
				TARGETED_DEVICE_FAMILY = "1,2";
				XROS_DEPLOYMENT_TARGET = 26.1;
			};
			name = Debug;
		};
		551EA04A2F16C66000A7B376 /* Release */ = {
			isa = XCBuildConfiguration;
			buildSettings = {
				ASSETCATALOG_COMPILER_APPICON_NAME = AppIcon;
				ASSETCATALOG_COMPILER_GLOBAL_ACCENT_COLOR_NAME = AccentColor;
				CODE_SIGN_ENTITLEMENTS = projectflow/projectflow.entitlements;
				CODE_SIGN_STYLE = Automatic;
				CURRENT_PROJECT_VERSION = 1;
				DEVELOPMENT_TEAM = 48BM67TY9G;
				ENABLE_APP_SANDBOX = YES;
				ENABLE_HARDENED_RUNTIME = YES;
				ENABLE_PREVIEWS = YES;
				ENABLE_USER_SELECTED_FILES = readonly;
				GENERATE_INFOPLIST_FILE = YES;
				INFOPLIST_KEY_LSApplicationCategoryType = "public.app-category.productivity";
				"INFOPLIST_KEY_UIApplicationSceneManifest_Generation[sdk=iphoneos*]" = YES;
				"INFOPLIST_KEY_UIApplicationSceneManifest_Generation[sdk=iphonesimulator*]" = YES;
				"INFOPLIST_KEY_UIApplicationSupportsIndirectInputEvents[sdk=iphoneos*]" = YES;
				"INFOPLIST_KEY_UIApplicationSupportsIndirectInputEvents[sdk=iphonesimulator*]" = YES;
				"INFOPLIST_KEY_UILaunchScreen_Generation[sdk=iphoneos*]" = YES;
				"INFOPLIST_KEY_UILaunchScreen_Generation[sdk=iphonesimulator*]" = YES;
				"INFOPLIST_KEY_UIStatusBarStyle[sdk=iphoneos*]" = UIStatusBarStyleDefault;
				"INFOPLIST_KEY_UIStatusBarStyle[sdk=iphonesimulator*]" = UIStatusBarStyleDefault;
				INFOPLIST_KEY_UISupportedInterfaceOrientations_iPad = "UIInterfaceOrientationPortrait UIInterfaceOrientationPortraitUpsideDown UIInterfaceOrientationLandscapeLeft UIInterfaceOrientationLandscapeRight";
				INFOPLIST_KEY_UISupportedInterfaceOrientations_iPhone = "UIInterfaceOrientationPortrait UIInterfaceOrientationLandscapeLeft UIInterfaceOrientationLandscapeRight";
				IPHONEOS_DEPLOYMENT_TARGET = 18.6;
				LD_RUNPATH_SEARCH_PATHS = "@executable_path/Frameworks";
				"LD_RUNPATH_SEARCH_PATHS[sdk=macosx*]" = "@executable_path/../Frameworks";
				MACOSX_DEPLOYMENT_TARGET = 15.6;
				MARKETING_VERSION = 1.0;
				PRODUCT_BUNDLE_IDENTIFIER = de.christophlabestin.projectflow;
				PRODUCT_NAME = "$(TARGET_NAME)";
				REGISTER_APP_GROUPS = YES;
				SDKROOT = auto;
				STRING_CATALOG_GENERATE_SYMBOLS = YES;
				SUPPORTED_PLATFORMS = "iphoneos iphonesimulator macosx";
				SUPPORTS_MACCATALYST = NO;
				SWIFT_APPROACHABLE_CONCURRENCY = YES;
				SWIFT_DEFAULT_ACTOR_ISOLATION = MainActor;
				SWIFT_EMIT_LOC_STRINGS = YES;
				SWIFT_UPCOMING_FEATURE_MEMBER_IMPORT_VISIBILITY = YES;
				SWIFT_VERSION = 5.0;
				TARGETED_DEVICE_FAMILY = "1,2";
				XROS_DEPLOYMENT_TARGET = 26.1;
			};
			name = Release;
		};
		7C3100162F33000000A30001 /* Debug */ = {
			isa = XCBuildConfiguration;
			buildSettings = {
				APPLICATION_EXTENSION_API_ONLY = YES;
				CODE_SIGN_ENTITLEMENTS = projectflowAmbientExtension/projectflowAmbientExtension.entitlements;
				CODE_SIGN_STYLE = Automatic;
				CURRENT_PROJECT_VERSION = 1;
				DEVELOPMENT_TEAM = 48BM67TY9G;
				ENABLE_PREVIEWS = YES;
				GENERATE_INFOPLIST_FILE = NO;
				INFOPLIST_FILE = projectflowAmbientExtension/Info.plist;
				IPHONEOS_DEPLOYMENT_TARGET = 18.6;
				LD_RUNPATH_SEARCH_PATHS = (
					"$(inherited)",
					"@executable_path/Frameworks",
					"@executable_path/../../Frameworks",
				);
				MARKETING_VERSION = 1.0;
				PRODUCT_BUNDLE_IDENTIFIER = de.christophlabestin.projectflow.ambient;
				PRODUCT_NAME = "$(TARGET_NAME)";
				SDKROOT = iphoneos;
				SKIP_INSTALL = YES;
				SUPPORTED_PLATFORMS = "iphoneos iphonesimulator";
				SUPPORTS_MACCATALYST = NO;
				SWIFT_APPROACHABLE_CONCURRENCY = YES;
				SWIFT_DEFAULT_ACTOR_ISOLATION = MainActor;
				SWIFT_EMIT_LOC_STRINGS = YES;
				SWIFT_VERSION = 5.0;
				TARGETED_DEVICE_FAMILY = "1,2";
			};
			name = Debug;
		};
		7C3100172F33000000A30001 /* Release */ = {
			isa = XCBuildConfiguration;
			buildSettings = {
				APPLICATION_EXTENSION_API_ONLY = YES;
				CODE_SIGN_ENTITLEMENTS = projectflowAmbientExtension/projectflowAmbientExtension.entitlements;
				CODE_SIGN_STYLE = Automatic;
				CURRENT_PROJECT_VERSION = 1;
				DEVELOPMENT_TEAM = 48BM67TY9G;
				GENERATE_INFOPLIST_FILE = NO;
				INFOPLIST_FILE = projectflowAmbientExtension/Info.plist;
				IPHONEOS_DEPLOYMENT_TARGET = 18.6;
				LD_RUNPATH_SEARCH_PATHS = (
					"$(inherited)",
					"@executable_path/Frameworks",
					"@executable_path/../../Frameworks",
				);
				MARKETING_VERSION = 1.0;
				PRODUCT_BUNDLE_IDENTIFIER = de.christophlabestin.projectflow.ambient;
				PRODUCT_NAME = "$(TARGET_NAME)";
				SDKROOT = iphoneos;
				SKIP_INSTALL = YES;
				SUPPORTED_PLATFORMS = "iphoneos iphonesimulator";
				SUPPORTS_MACCATALYST = NO;
				SWIFT_APPROACHABLE_CONCURRENCY = YES;
				SWIFT_DEFAULT_ACTOR_ISOLATION = MainActor;
				SWIFT_EMIT_LOC_STRINGS = YES;
				SWIFT_VERSION = 5.0;
				TARGETED_DEVICE_FAMILY = "1,2";
			};
			name = Release;
		};
		7C3100182F33000000A30001 /* Debug */ = {
			isa = XCBuildConfiguration;
			buildSettings = {
				APPLICATION_EXTENSION_API_ONLY = YES;
				CODE_SIGN_ENTITLEMENTS = projectflowShareExtension/projectflowShareExtension.entitlements;
				CODE_SIGN_STYLE = Automatic;
				CURRENT_PROJECT_VERSION = 1;
				DEVELOPMENT_TEAM = 48BM67TY9G;
				ENABLE_PREVIEWS = YES;
				GENERATE_INFOPLIST_FILE = NO;
				INFOPLIST_FILE = projectflowShareExtension/Info.plist;
				IPHONEOS_DEPLOYMENT_TARGET = 18.6;
				LD_RUNPATH_SEARCH_PATHS = (
					"$(inherited)",
					"@executable_path/Frameworks",
					"@executable_path/../../Frameworks",
				);
				MARKETING_VERSION = 1.0;
				PRODUCT_BUNDLE_IDENTIFIER = de.christophlabestin.projectflow.share;
				PRODUCT_NAME = "$(TARGET_NAME)";
				SDKROOT = iphoneos;
				SKIP_INSTALL = YES;
				SUPPORTED_PLATFORMS = "iphoneos iphonesimulator";
				SUPPORTS_MACCATALYST = NO;
				SWIFT_APPROACHABLE_CONCURRENCY = YES;
				SWIFT_DEFAULT_ACTOR_ISOLATION = MainActor;
				SWIFT_EMIT_LOC_STRINGS = YES;
				SWIFT_VERSION = 5.0;
				TARGETED_DEVICE_FAMILY = "1,2";
			};
			name = Debug;
		};
		7C3100192F33000000A30001 /* Release */ = {
			isa = XCBuildConfiguration;
			buildSettings = {
				APPLICATION_EXTENSION_API_ONLY = YES;
				CODE_SIGN_ENTITLEMENTS = projectflowShareExtension/projectflowShareExtension.entitlements;
				CODE_SIGN_STYLE = Automatic;
				CURRENT_PROJECT_VERSION = 1;
				DEVELOPMENT_TEAM = 48BM67TY9G;
				GENERATE_INFOPLIST_FILE = NO;
				INFOPLIST_FILE = projectflowShareExtension/Info.plist;
				IPHONEOS_DEPLOYMENT_TARGET = 18.6;
				LD_RUNPATH_SEARCH_PATHS = (
					"$(inherited)",
					"@executable_path/Frameworks",
					"@executable_path/../../Frameworks",
				);
				MARKETING_VERSION = 1.0;
				PRODUCT_BUNDLE_IDENTIFIER = de.christophlabestin.projectflow.share;
				PRODUCT_NAME = "$(TARGET_NAME)";
				SDKROOT = iphoneos;
				SKIP_INSTALL = YES;
				SUPPORTED_PLATFORMS = "iphoneos iphonesimulator";
				SUPPORTS_MACCATALYST = NO;
				SWIFT_APPROACHABLE_CONCURRENCY = YES;
				SWIFT_DEFAULT_ACTOR_ISOLATION = MainActor;
				SWIFT_EMIT_LOC_STRINGS = YES;
				SWIFT_VERSION = 5.0;
				TARGETED_DEVICE_FAMILY = "1,2";
			};
			name = Release;
		};
/* End XCBuildConfiguration section */

/* Begin XCConfigurationList section */
		551EA0382F16C65E00A7B376 /* Build configuration list for PBXProject "projectflow" */ = {
			isa = XCConfigurationList;
			buildConfigurations = (
				551EA0462F16C66000A7B376 /* Debug */,
				551EA0472F16C66000A7B376 /* Release */,
			);
			defaultConfigurationIsVisible = 0;
			defaultConfigurationName = Release;
		};
		551EA0482F16C66000A7B376 /* Build configuration list for PBXNativeTarget "projectflow" */ = {
			isa = XCConfigurationList;
			buildConfigurations = (
				551EA0492F16C66000A7B376 /* Debug */,
				551EA04A2F16C66000A7B376 /* Release */,
			);
			defaultConfigurationIsVisible = 0;
			defaultConfigurationName = Release;
		};
		7C3100142F33000000A30001 /* Build configuration list for PBXNativeTarget "projectflowAmbientExtension" */ = {
			isa = XCConfigurationList;
			buildConfigurations = (
				7C3100162F33000000A30001 /* Debug */,
				7C3100172F33000000A30001 /* Release */,
			);
			defaultConfigurationIsVisible = 0;
			defaultConfigurationName = Release;
		};
		7C3100152F33000000A30001 /* Build configuration list for PBXNativeTarget "projectflowShareExtension" */ = {
			isa = XCConfigurationList;
			buildConfigurations = (
				7C3100182F33000000A30001 /* Debug */,
				7C3100192F33000000A30001 /* Release */,
			);
			defaultConfigurationIsVisible = 0;
			defaultConfigurationName = Release;
		};
/* End XCConfigurationList section */

/* Begin XCRemoteSwiftPackageReference section */
		551EA0592F16CC3800A7B376 /* XCRemoteSwiftPackageReference "firebase-ios-sdk" */ = {
			isa = XCRemoteSwiftPackageReference;
			repositoryURL = "https://github.com/firebase/firebase-ios-sdk.git";
			requirement = {
				kind = upToNextMajorVersion;
				minimumVersion = 12.8.0;
			};
		};
/* End XCRemoteSwiftPackageReference section */

/* Begin XCSwiftPackageProductDependency section */
		551EA05A2F16CC3800A7B376 /* FirebaseAI */ = {
			isa = XCSwiftPackageProductDependency;
			package = 551EA0592F16CC3800A7B376 /* XCRemoteSwiftPackageReference "firebase-ios-sdk" */;
			productName = FirebaseAI;
		};
		551EA05C2F16CC3800A7B376 /* FirebaseAuth */ = {
			isa = XCSwiftPackageProductDependency;
			package = 551EA0592F16CC3800A7B376 /* XCRemoteSwiftPackageReference "firebase-ios-sdk" */;
			productName = FirebaseAuth;
		};
		551EA05E2F16CC3800A7B376 /* FirebaseCore */ = {
			isa = XCSwiftPackageProductDependency;
			package = 551EA0592F16CC3800A7B376 /* XCRemoteSwiftPackageReference "firebase-ios-sdk" */;
			productName = FirebaseCore;
		};
		551EA0602F16CC3800A7B376 /* FirebaseFirestore */ = {
			isa = XCSwiftPackageProductDependency;
			package = 551EA0592F16CC3800A7B376 /* XCRemoteSwiftPackageReference "firebase-ios-sdk" */;
			productName = FirebaseFirestore;
		};
		551EA0622F16CC3800A7B376 /* FirebaseFunctions */ = {
			isa = XCSwiftPackageProductDependency;
			package = 551EA0592F16CC3800A7B376 /* XCRemoteSwiftPackageReference "firebase-ios-sdk" */;
			productName = FirebaseFunctions;
		};
		551EA0642F16CC3800A7B376 /* FirebaseMessaging */ = {
			isa = XCSwiftPackageProductDependency;
			package = 551EA0592F16CC3800A7B376 /* XCRemoteSwiftPackageReference "firebase-ios-sdk" */;
			productName = FirebaseMessaging;
		};
		551EA0662F16CC3800A7B376 /* FirebaseStorage */ = {
			isa = XCSwiftPackageProductDependency;
			package = 551EA0592F16CC3800A7B376 /* XCRemoteSwiftPackageReference "firebase-ios-sdk" */;
			productName = FirebaseStorage;
		};
/* End XCSwiftPackageProductDependency section */
	};
	rootObject = 551EA0352F16C65E00A7B376 /* Project object */;
}
